// !$*UTF8*$!
{
	archiveVersion = 1;
	classes = {
	};
	objectVersion = 55;
	objects = {

/* Begin PBXBuildFile section */
		373D595D3CD5635107AA29AA /* Pods_Food_recipe.framework in Frameworks */ = {isa = PBXBuildFile; fileRef = 2BAD0FBEAE11A4F7CBC4190E /* Pods_Food_recipe.framework */; };
		9F392BE72842407500F706AF /* AuthVC.swift in Sources */ = {isa = PBXBuildFile; fileRef = 9F392BE62842407500F706AF /* AuthVC.swift */; };
		9F392BEA284241FE00F706AF /* UIColor+.swift in Sources */ = {isa = PBXBuildFile; fileRef = 9F392BE9284241FE00F706AF /* UIColor+.swift */; };
		9F392BED2842491800F706AF /* Images.swift in Sources */ = {isa = PBXBuildFile; fileRef = 9F392BEC2842491800F706AF /* Images.swift */; };
		9F392BEF284249B600F706AF /* AuthVM.swift in Sources */ = {isa = PBXBuildFile; fileRef = 9F392BEE284249B600F706AF /* AuthVM.swift */; };
		9F392BF32842516F00F706AF /* Constants.swift in Sources */ = {isa = PBXBuildFile; fileRef = 9F392BF22842516F00F706AF /* Constants.swift */; };
		9F392BF52842535500F706AF /* LoginInputModule.swift in Sources */ = {isa = PBXBuildFile; fileRef = 9F392BF42842535500F706AF /* LoginInputModule.swift */; };
		9F392BF72842543100F706AF /* UIFont+.swift in Sources */ = {isa = PBXBuildFile; fileRef = 9F392BF62842543100F706AF /* UIFont+.swift */; };
		9F392BFA284261EE00F706AF /* UIView+.swift in Sources */ = {isa = PBXBuildFile; fileRef = 9F392BF9284261EE00F706AF /* UIView+.swift */; };
		9F392BFF284269CD00F706AF /* Checkbox.swift in Sources */ = {isa = PBXBuildFile; fileRef = 9F392BFE284269CD00F706AF /* Checkbox.swift */; };
		9F58A4342843CE2800A1509B /* SignInModule.swift in Sources */ = {isa = PBXBuildFile; fileRef = 9F58A4332843CE2800A1509B /* SignInModule.swift */; };
		9F58A4362843DB4700A1509B /* UIButton+.swift in Sources */ = {isa = PBXBuildFile; fileRef = 9F58A4352843DB4700A1509B /* UIButton+.swift */; };
		9F58A4382843ED7700A1509B /* SignUpModule.swift in Sources */ = {isa = PBXBuildFile; fileRef = 9F58A4372843ED7700A1509B /* SignUpModule.swift */; };
		9F58A43A2844D27900A1509B /* String+.swift in Sources */ = {isa = PBXBuildFile; fileRef = 9F58A4392844D27900A1509B /* String+.swift */; };
		9F58A43E2844E5E500A1509B /* UIViewController+.swift in Sources */ = {isa = PBXBuildFile; fileRef = 9F58A43D2844E5E500A1509B /* UIViewController+.swift */; };
		9F58A4412844E88400A1509B /* ObservableObject.swift in Sources */ = {isa = PBXBuildFile; fileRef = 9F58A4402844E88400A1509B /* ObservableObject.swift */; };
		9F58A44428450E1900A1509B /* SignUpVC.swift in Sources */ = {isa = PBXBuildFile; fileRef = 9F58A44328450E1900A1509B /* SignUpVC.swift */; };
		9F58A44928450EB400A1509B /* SignUpVM.swift in Sources */ = {isa = PBXBuildFile; fileRef = 9F58A44828450EB400A1509B /* SignUpVM.swift */; };
		9F58A44B28451FB700A1509B /* DetailsInputModule.swift in Sources */ = {isa = PBXBuildFile; fileRef = 9F58A44A28451FB700A1509B /* DetailsInputModule.swift */; };
		9F76AE80283A5390005E7ED9 /* AppDelegate.swift in Sources */ = {isa = PBXBuildFile; fileRef = 9F76AE7F283A5390005E7ED9 /* AppDelegate.swift */; };
		9F76AE82283A5390005E7ED9 /* SceneDelegate.swift in Sources */ = {isa = PBXBuildFile; fileRef = 9F76AE81283A5390005E7ED9 /* SceneDelegate.swift */; };
		9F76AE84283A5390005E7ED9 /* HomeVC.swift in Sources */ = {isa = PBXBuildFile; fileRef = 9F76AE83283A5390005E7ED9 /* HomeVC.swift */; };
		9F76AE89283A5392005E7ED9 /* Assets.xcassets in Resources */ = {isa = PBXBuildFile; fileRef = 9F76AE88283A5392005E7ED9 /* Assets.xcassets */; };
		9F76AE8C283A5392005E7ED9 /* LaunchScreen.storyboard in Resources */ = {isa = PBXBuildFile; fileRef = 9F76AE8A283A5392005E7ED9 /* LaunchScreen.storyboard */; };
		9F76AE94283A617E005E7ED9 /* Coordinator.swift in Sources */ = {isa = PBXBuildFile; fileRef = 9F76AE93283A617E005E7ED9 /* Coordinator.swift */; };
		9F76AE97283A7D1E005E7ED9 /* FoodRecipe.xcdatamodeld in Sources */ = {isa = PBXBuildFile; fileRef = 9F76AE95283A7D1E005E7ED9 /* FoodRecipe.xcdatamodeld */; };
		9F76AEA7283A8984005E7ED9 /* SnapKit.xcframework in Frameworks */ = {isa = PBXBuildFile; fileRef = 9F76AEA6283A8984005E7ED9 /* SnapKit.xcframework */; };
		9F76AEA8283A8984005E7ED9 /* SnapKit.xcframework in Embed Frameworks */ = {isa = PBXBuildFile; fileRef = 9F76AEA6283A8984005E7ED9 /* SnapKit.xcframework */; settings = {ATTRIBUTES = (CodeSignOnCopy, RemoveHeadersOnCopy, ); }; };
		9F76AEB4283A8F4D005E7ED9 /* FoodCollectionCell.swift in Sources */ = {isa = PBXBuildFile; fileRef = 9F76AEB3283A8F4D005E7ED9 /* FoodCollectionCell.swift */; };
		9F76AEB6283AC294005E7ED9 /* HomeVM.swift in Sources */ = {isa = PBXBuildFile; fileRef = 9F76AEB5283AC294005E7ED9 /* HomeVM.swift */; };
		9F76AEBF283AE670005E7ED9 /* Endpoint.swift in Sources */ = {isa = PBXBuildFile; fileRef = 9F76AEBE283AE670005E7ED9 /* Endpoint.swift */; };
		9F76AEC2283AFC5E005E7ED9 /* RequestMethod.swift in Sources */ = {isa = PBXBuildFile; fileRef = 9F76AEC1283AFC5E005E7ED9 /* RequestMethod.swift */; };
		9F76AEC4283AFCAD005E7ED9 /* RequestError.swift in Sources */ = {isa = PBXBuildFile; fileRef = 9F76AEC3283AFCAD005E7ED9 /* RequestError.swift */; };
		9F76AEC7283B98A6005E7ED9 /* NetworkEngine.swift in Sources */ = {isa = PBXBuildFile; fileRef = 9F76AEC6283B98A6005E7ED9 /* NetworkEngine.swift */; };
		9F76AECD283BD0FC005E7ED9 /* RecipeService.swift in Sources */ = {isa = PBXBuildFile; fileRef = 9F76AECC283BD0FC005E7ED9 /* RecipeService.swift */; };
		9F76AED3283BF47D005E7ED9 /* Recipe.swift in Sources */ = {isa = PBXBuildFile; fileRef = 9F76AED2283BF47D005E7ED9 /* Recipe.swift */; };
		9F76AED5283BF778005E7ED9 /* ExtendedIngredient.swift in Sources */ = {isa = PBXBuildFile; fileRef = 9F76AED4283BF778005E7ED9 /* ExtendedIngredient.swift */; };
		9F76AED7283C0268005E7ED9 /* RecipesEndpoint.swift in Sources */ = {isa = PBXBuildFile; fileRef = 9F76AED6283C0268005E7ED9 /* RecipesEndpoint.swift */; };
		9F76AED9283C0844005E7ED9 /* AnalyzedInstruction.swift in Sources */ = {isa = PBXBuildFile; fileRef = 9F76AED8283C0844005E7ED9 /* AnalyzedInstruction.swift */; };
		9F76AEDB283C09EF005E7ED9 /* Step.swift in Sources */ = {isa = PBXBuildFile; fileRef = 9F76AEDA283C09EF005E7ED9 /* Step.swift */; };
		9F76AEDD283C0AB6005E7ED9 /* Ingredient.swift in Sources */ = {isa = PBXBuildFile; fileRef = 9F76AEDC283C0AB6005E7ED9 /* Ingredient.swift */; };
		9F76AEDF283C0B1D005E7ED9 /* Equipment.swift in Sources */ = {isa = PBXBuildFile; fileRef = 9F76AEDE283C0B1D005E7ED9 /* Equipment.swift */; };
		9F76AEE1283C0BB1005E7ED9 /* Length.swift in Sources */ = {isa = PBXBuildFile; fileRef = 9F76AEE0283C0BB1005E7ED9 /* Length.swift */; };
		9F76AEE3283C13C6005E7ED9 /* Measure.swift in Sources */ = {isa = PBXBuildFile; fileRef = 9F76AEE2283C13C6005E7ED9 /* Measure.swift */; };
		9F76AEE6283C3B70005E7ED9 /* GoogleService-Info.plist in Resources */ = {isa = PBXBuildFile; fileRef = 9F76AEE5283C3B70005E7ED9 /* GoogleService-Info.plist */; };
/* End PBXBuildFile section */

/* Begin PBXCopyFilesBuildPhase section */
		9F76AEA9283A8984005E7ED9 /* Embed Frameworks */ = {
			isa = PBXCopyFilesBuildPhase;
			buildActionMask = 2147483647;
			dstPath = "";
			dstSubfolderSpec = 10;
			files = (
				9F76AEA8283A8984005E7ED9 /* SnapKit.xcframework in Embed Frameworks */,
			);
			name = "Embed Frameworks";
			runOnlyForDeploymentPostprocessing = 0;
		};
/* End PBXCopyFilesBuildPhase section */

/* Begin PBXFileReference section */
		1AAA916F6457FECC4CED2B09 /* Pods-Food recipe.release.xcconfig */ = {isa = PBXFileReference; includeInIndex = 1; lastKnownFileType = text.xcconfig; name = "Pods-Food recipe.release.xcconfig"; path = "Target Support Files/Pods-Food recipe/Pods-Food recipe.release.xcconfig"; sourceTree = "<group>"; };
		2BAD0FBEAE11A4F7CBC4190E /* Pods_Food_recipe.framework */ = {isa = PBXFileReference; explicitFileType = wrapper.framework; includeInIndex = 0; path = Pods_Food_recipe.framework; sourceTree = BUILT_PRODUCTS_DIR; };
		53FB3C3170E17B4A75923CA1 /* Pods-Food recipe.debug.xcconfig */ = {isa = PBXFileReference; includeInIndex = 1; lastKnownFileType = text.xcconfig; name = "Pods-Food recipe.debug.xcconfig"; path = "Target Support Files/Pods-Food recipe/Pods-Food recipe.debug.xcconfig"; sourceTree = "<group>"; };
		9F392BE62842407500F706AF /* AuthVC.swift */ = {isa = PBXFileReference; lastKnownFileType = sourcecode.swift; path = AuthVC.swift; sourceTree = "<group>"; };
		9F392BE9284241FE00F706AF /* UIColor+.swift */ = {isa = PBXFileReference; lastKnownFileType = sourcecode.swift; path = "UIColor+.swift"; sourceTree = "<group>"; };
		9F392BEC2842491800F706AF /* Images.swift */ = {isa = PBXFileReference; lastKnownFileType = sourcecode.swift; path = Images.swift; sourceTree = "<group>"; };
		9F392BEE284249B600F706AF /* AuthVM.swift */ = {isa = PBXFileReference; lastKnownFileType = sourcecode.swift; path = AuthVM.swift; sourceTree = "<group>"; };
		9F392BF22842516F00F706AF /* Constants.swift */ = {isa = PBXFileReference; lastKnownFileType = sourcecode.swift; path = Constants.swift; sourceTree = "<group>"; };
		9F392BF42842535500F706AF /* LoginInputModule.swift */ = {isa = PBXFileReference; lastKnownFileType = sourcecode.swift; path = LoginInputModule.swift; sourceTree = "<group>"; };
		9F392BF62842543100F706AF /* UIFont+.swift */ = {isa = PBXFileReference; lastKnownFileType = sourcecode.swift; path = "UIFont+.swift"; sourceTree = "<group>"; };
		9F392BF9284261EE00F706AF /* UIView+.swift */ = {isa = PBXFileReference; lastKnownFileType = sourcecode.swift; path = "UIView+.swift"; sourceTree = "<group>"; };
		9F392BFE284269CD00F706AF /* Checkbox.swift */ = {isa = PBXFileReference; lastKnownFileType = sourcecode.swift; path = Checkbox.swift; sourceTree = "<group>"; };
		9F58A4332843CE2800A1509B /* SignInModule.swift */ = {isa = PBXFileReference; lastKnownFileType = sourcecode.swift; path = SignInModule.swift; sourceTree = "<group>"; };
		9F58A4352843DB4700A1509B /* UIButton+.swift */ = {isa = PBXFileReference; lastKnownFileType = sourcecode.swift; path = "UIButton+.swift"; sourceTree = "<group>"; };
		9F58A4372843ED7700A1509B /* SignUpModule.swift */ = {isa = PBXFileReference; lastKnownFileType = sourcecode.swift; path = SignUpModule.swift; sourceTree = "<group>"; };
		9F58A4392844D27900A1509B /* String+.swift */ = {isa = PBXFileReference; lastKnownFileType = sourcecode.swift; path = "String+.swift"; sourceTree = "<group>"; };
		9F58A43D2844E5E500A1509B /* UIViewController+.swift */ = {isa = PBXFileReference; lastKnownFileType = sourcecode.swift; path = "UIViewController+.swift"; sourceTree = "<group>"; };
		9F58A4402844E88400A1509B /* ObservableObject.swift */ = {isa = PBXFileReference; lastKnownFileType = sourcecode.swift; path = ObservableObject.swift; sourceTree = "<group>"; };
		9F58A44328450E1900A1509B /* SignUpVC.swift */ = {isa = PBXFileReference; lastKnownFileType = sourcecode.swift; path = SignUpVC.swift; sourceTree = "<group>"; };
		9F58A44828450EB400A1509B /* SignUpVM.swift */ = {isa = PBXFileReference; lastKnownFileType = sourcecode.swift; path = SignUpVM.swift; sourceTree = "<group>"; };
		9F58A44A28451FB700A1509B /* DetailsInputModule.swift */ = {isa = PBXFileReference; lastKnownFileType = sourcecode.swift; path = DetailsInputModule.swift; sourceTree = "<group>"; };
		9F76AE7C283A5390005E7ED9 /* Food recipe.app */ = {isa = PBXFileReference; explicitFileType = wrapper.application; includeInIndex = 0; path = "Food recipe.app"; sourceTree = BUILT_PRODUCTS_DIR; };
		9F76AE7F283A5390005E7ED9 /* AppDelegate.swift */ = {isa = PBXFileReference; lastKnownFileType = sourcecode.swift; path = AppDelegate.swift; sourceTree = "<group>"; };
		9F76AE81283A5390005E7ED9 /* SceneDelegate.swift */ = {isa = PBXFileReference; lastKnownFileType = sourcecode.swift; path = SceneDelegate.swift; sourceTree = "<group>"; };
		9F76AE83283A5390005E7ED9 /* HomeVC.swift */ = {isa = PBXFileReference; lastKnownFileType = sourcecode.swift; path = HomeVC.swift; sourceTree = "<group>"; };
		9F76AE88283A5392005E7ED9 /* Assets.xcassets */ = {isa = PBXFileReference; lastKnownFileType = folder.assetcatalog; path = Assets.xcassets; sourceTree = "<group>"; };
		9F76AE8B283A5392005E7ED9 /* Base */ = {isa = PBXFileReference; lastKnownFileType = file.storyboard; name = Base; path = Base.lproj/LaunchScreen.storyboard; sourceTree = "<group>"; };
		9F76AE8D283A5392005E7ED9 /* Info.plist */ = {isa = PBXFileReference; lastKnownFileType = text.plist.xml; path = Info.plist; sourceTree = "<group>"; };
		9F76AE93283A617E005E7ED9 /* Coordinator.swift */ = {isa = PBXFileReference; lastKnownFileType = sourcecode.swift; path = Coordinator.swift; sourceTree = "<group>"; };
		9F76AE96283A7D1E005E7ED9 /* FoodRecipe.xcdatamodel */ = {isa = PBXFileReference; lastKnownFileType = wrapper.xcdatamodel; path = FoodRecipe.xcdatamodel; sourceTree = "<group>"; };
		9F76AEA6283A8984005E7ED9 /* SnapKit.xcframework */ = {isa = PBXFileReference; lastKnownFileType = wrapper.xcframework; name = SnapKit.xcframework; path = Carthage/Build/SnapKit.xcframework; sourceTree = "<group>"; };
		9F76AEB3283A8F4D005E7ED9 /* FoodCollectionCell.swift */ = {isa = PBXFileReference; lastKnownFileType = sourcecode.swift; path = FoodCollectionCell.swift; sourceTree = "<group>"; };
		9F76AEB5283AC294005E7ED9 /* HomeVM.swift */ = {isa = PBXFileReference; lastKnownFileType = sourcecode.swift; path = HomeVM.swift; sourceTree = "<group>"; };
		9F76AEBE283AE670005E7ED9 /* Endpoint.swift */ = {isa = PBXFileReference; lastKnownFileType = sourcecode.swift; path = Endpoint.swift; sourceTree = "<group>"; };
		9F76AEC1283AFC5E005E7ED9 /* RequestMethod.swift */ = {isa = PBXFileReference; lastKnownFileType = sourcecode.swift; path = RequestMethod.swift; sourceTree = "<group>"; };
		9F76AEC3283AFCAD005E7ED9 /* RequestError.swift */ = {isa = PBXFileReference; lastKnownFileType = sourcecode.swift; path = RequestError.swift; sourceTree = "<group>"; };
		9F76AEC6283B98A6005E7ED9 /* NetworkEngine.swift */ = {isa = PBXFileReference; lastKnownFileType = sourcecode.swift; path = NetworkEngine.swift; sourceTree = "<group>"; };
		9F76AECC283BD0FC005E7ED9 /* RecipeService.swift */ = {isa = PBXFileReference; lastKnownFileType = sourcecode.swift; path = RecipeService.swift; sourceTree = "<group>"; };
		9F76AED2283BF47D005E7ED9 /* Recipe.swift */ = {isa = PBXFileReference; lastKnownFileType = sourcecode.swift; path = Recipe.swift; sourceTree = "<group>"; };
		9F76AED4283BF778005E7ED9 /* ExtendedIngredient.swift */ = {isa = PBXFileReference; lastKnownFileType = sourcecode.swift; path = ExtendedIngredient.swift; sourceTree = "<group>"; };
		9F76AED6283C0268005E7ED9 /* RecipesEndpoint.swift */ = {isa = PBXFileReference; lastKnownFileType = sourcecode.swift; path = RecipesEndpoint.swift; sourceTree = "<group>"; };
		9F76AED8283C0844005E7ED9 /* AnalyzedInstruction.swift */ = {isa = PBXFileReference; lastKnownFileType = sourcecode.swift; path = AnalyzedInstruction.swift; sourceTree = "<group>"; };
		9F76AEDA283C09EF005E7ED9 /* Step.swift */ = {isa = PBXFileReference; lastKnownFileType = sourcecode.swift; path = Step.swift; sourceTree = "<group>"; };
		9F76AEDC283C0AB6005E7ED9 /* Ingredient.swift */ = {isa = PBXFileReference; lastKnownFileType = sourcecode.swift; path = Ingredient.swift; sourceTree = "<group>"; };
		9F76AEDE283C0B1D005E7ED9 /* Equipment.swift */ = {isa = PBXFileReference; lastKnownFileType = sourcecode.swift; path = Equipment.swift; sourceTree = "<group>"; };
		9F76AEE0283C0BB1005E7ED9 /* Length.swift */ = {isa = PBXFileReference; lastKnownFileType = sourcecode.swift; path = Length.swift; sourceTree = "<group>"; };
		9F76AEE2283C13C6005E7ED9 /* Measure.swift */ = {isa = PBXFileReference; lastKnownFileType = sourcecode.swift; path = Measure.swift; sourceTree = "<group>"; };
		9F76AEE5283C3B70005E7ED9 /* GoogleService-Info.plist */ = {isa = PBXFileReference; fileEncoding = 4; lastKnownFileType = text.plist.xml; path = "GoogleService-Info.plist"; sourceTree = "<group>"; };
/* End PBXFileReference section */

/* Begin PBXFrameworksBuildPhase section */
		9F76AE79283A5390005E7ED9 /* Frameworks */ = {
			isa = PBXFrameworksBuildPhase;
			buildActionMask = 2147483647;
			files = (
				9F76AEA7283A8984005E7ED9 /* SnapKit.xcframework in Frameworks */,
				373D595D3CD5635107AA29AA /* Pods_Food_recipe.framework in Frameworks */,
			);
			runOnlyForDeploymentPostprocessing = 0;
		};
/* End PBXFrameworksBuildPhase section */

/* Begin PBXGroup section */
		9F392BE22842403F00F706AF /* Auth */ = {
			isa = PBXGroup;
			children = (
				9F392BE32842406000F706AF /* Controller */,
				9F392BE52842406900F706AF /* ViewModel */,
				9F392BE42842406500F706AF /* View */,
			);
			path = Auth;
			sourceTree = "<group>";
		};
		9F392BE32842406000F706AF /* Controller */ = {
			isa = PBXGroup;
			children = (
				9F392BE62842407500F706AF /* AuthVC.swift */,
			);
			path = Controller;
			sourceTree = "<group>";
		};
		9F392BE42842406500F706AF /* View */ = {
			isa = PBXGroup;
			children = (
				9F392BF42842535500F706AF /* LoginInputModule.swift */,
				9F58A4332843CE2800A1509B /* SignInModule.swift */,
				9F58A4372843ED7700A1509B /* SignUpModule.swift */,
			);
			path = View;
			sourceTree = "<group>";
		};
		9F392BE52842406900F706AF /* ViewModel */ = {
			isa = PBXGroup;
			children = (
				9F392BEE284249B600F706AF /* AuthVM.swift */,
			);
			path = ViewModel;
			sourceTree = "<group>";
		};
		9F392BE8284240F800F706AF /* Resources */ = {
			isa = PBXGroup;
			children = (
				9F76AE88283A5392005E7ED9 /* Assets.xcassets */,
			);
			path = Resources;
			sourceTree = "<group>";
		};
		9F392BEB2842490700F706AF /* Supporting Files */ = {
			isa = PBXGroup;
			children = (
				9F392BEC2842491800F706AF /* Images.swift */,
				9F392BF22842516F00F706AF /* Constants.swift */,
			);
			path = "Supporting Files";
			sourceTree = "<group>";
		};
		9F392BFD284269BC00F706AF /* CustomUIComponents */ = {
			isa = PBXGroup;
			children = (
				9F392BFE284269CD00F706AF /* Checkbox.swift */,
			);
			path = CustomUIComponents;
			sourceTree = "<group>";
		};
		9F58A44228450E0A00A1509B /* SignUp */ = {
			isa = PBXGroup;
			children = (
				9F58A44528450E1E00A1509B /* Controller */,
				9F58A44728450E2700A1509B /* ViewModel */,
				9F58A44628450E2100A1509B /* View */,
			);
			path = SignUp;
			sourceTree = "<group>";
		};
		9F58A44528450E1E00A1509B /* Controller */ = {
			isa = PBXGroup;
			children = (
				9F58A44328450E1900A1509B /* SignUpVC.swift */,
			);
			path = Controller;
			sourceTree = "<group>";
		};
		9F58A44628450E2100A1509B /* View */ = {
			isa = PBXGroup;
			children = (
				9F58A44A28451FB700A1509B /* DetailsInputModule.swift */,
			);
			path = View;
			sourceTree = "<group>";
		};
		9F58A44728450E2700A1509B /* ViewModel */ = {
			isa = PBXGroup;
			children = (
				9F58A44828450EB400A1509B /* SignUpVM.swift */,
			);
			path = ViewModel;
			sourceTree = "<group>";
		};
		9F76AE73283A5390005E7ED9 = {
			isa = PBXGroup;
			children = (
				9F76AE7E283A5390005E7ED9 /* Food recipe */,
				9F76AE7D283A5390005E7ED9 /* Products */,
				9F76AEA5283A8984005E7ED9 /* Frameworks */,
				A295F4B5C24158726A5254D4 /* Pods */,
			);
			sourceTree = "<group>";
		};
		9F76AE7D283A5390005E7ED9 /* Products */ = {
			isa = PBXGroup;
			children = (
				9F76AE7C283A5390005E7ED9 /* Food recipe.app */,
			);
			name = Products;
			sourceTree = "<group>";
		};
		9F76AE7E283A5390005E7ED9 /* Food recipe */ = {
			isa = PBXGroup;
			children = (
				9F392BEB2842490700F706AF /* Supporting Files */,
				9F392BE8284240F800F706AF /* Resources */,
				9F76AEC8283BA7B3005E7ED9 /* Extensions */,
				9F76AEB8283AC7A5005E7ED9 /* Model */,
				9F76AEB7283AC355005E7ED9 /* Networking */,
				9F76AEAC283A8C25005E7ED9 /* Root */,
				9F76AEB2283A8CD4005E7ED9 /* UI */,
				9F76AEAD283A8C2E005E7ED9 /* Utility */,
				9F76AE9C283A85B8005E7ED9 /* Entities */,
				9F76AEAA283A8C13005E7ED9 /* Scenes */,
				9F76AE95283A7D1E005E7ED9 /* FoodRecipe.xcdatamodeld */,
				9F76AEE5283C3B70005E7ED9 /* GoogleService-Info.plist */,
				9F76AE8D283A5392005E7ED9 /* Info.plist */,
			);
			path = "Food recipe";
			sourceTree = "<group>";
		};
		9F76AE9C283A85B8005E7ED9 /* Entities */ = {
			isa = PBXGroup;
			children = (
			);
			path = Entities;
			sourceTree = "<group>";
		};
		9F76AEA5283A8984005E7ED9 /* Frameworks */ = {
			isa = PBXGroup;
			children = (
				9F76AEA6283A8984005E7ED9 /* SnapKit.xcframework */,
				2BAD0FBEAE11A4F7CBC4190E /* Pods_Food_recipe.framework */,
			);
			name = Frameworks;
			sourceTree = "<group>";
		};
		9F76AEAA283A8C13005E7ED9 /* Scenes */ = {
			isa = PBXGroup;
			children = (
				9F392BFD284269BC00F706AF /* CustomUIComponents */,
				9F392BE22842403F00F706AF /* Auth */,
				9F58A44228450E0A00A1509B /* SignUp */,
				9F76AEAB283A8C1B005E7ED9 /* Home */,
			);
			path = Scenes;
			sourceTree = "<group>";
		};
		9F76AEAB283A8C1B005E7ED9 /* Home */ = {
			isa = PBXGroup;
			children = (
				9F76AEB1283A8CC7005E7ED9 /* Cells */,
				9F76AEB0283A8CC0005E7ED9 /* ViewModel */,
				9F76AEAF283A8CBB005E7ED9 /* Views */,
				9F76AEAE283A8CAE005E7ED9 /* Controller */,
			);
			path = Home;
			sourceTree = "<group>";
		};
		9F76AEAC283A8C25005E7ED9 /* Root */ = {
			isa = PBXGroup;
			children = (
				9F76AE7F283A5390005E7ED9 /* AppDelegate.swift */,
				9F76AE81283A5390005E7ED9 /* SceneDelegate.swift */,
			);
			path = Root;
			sourceTree = "<group>";
		};
		9F76AEAD283A8C2E005E7ED9 /* Utility */ = {
			isa = PBXGroup;
			children = (
				9F76AE93283A617E005E7ED9 /* Coordinator.swift */,
				9F58A4402844E88400A1509B /* ObservableObject.swift */,
			);
			path = Utility;
			sourceTree = "<group>";
		};
		9F76AEAE283A8CAE005E7ED9 /* Controller */ = {
			isa = PBXGroup;
			children = (
				9F76AE83283A5390005E7ED9 /* HomeVC.swift */,
			);
			path = Controller;
			sourceTree = "<group>";
		};
		9F76AEAF283A8CBB005E7ED9 /* Views */ = {
			isa = PBXGroup;
			children = (
			);
			path = Views;
			sourceTree = "<group>";
		};
		9F76AEB0283A8CC0005E7ED9 /* ViewModel */ = {
			isa = PBXGroup;
			children = (
				9F76AEB5283AC294005E7ED9 /* HomeVM.swift */,
			);
			path = ViewModel;
			sourceTree = "<group>";
		};
		9F76AEB1283A8CC7005E7ED9 /* Cells */ = {
			isa = PBXGroup;
			children = (
				9F76AEB3283A8F4D005E7ED9 /* FoodCollectionCell.swift */,
			);
			path = Cells;
			sourceTree = "<group>";
		};
		9F76AEB2283A8CD4005E7ED9 /* UI */ = {
			isa = PBXGroup;
			children = (
				9F76AE8A283A5392005E7ED9 /* LaunchScreen.storyboard */,
			);
			path = UI;
			sourceTree = "<group>";
		};
		9F76AEB7283AC355005E7ED9 /* Networking */ = {
			isa = PBXGroup;
			children = (
				9F76AECF283BD296005E7ED9 /* Core */,
				9F76AED0283BD2A9005E7ED9 /* Endpoints */,
				9F76AED1283BD2B6005E7ED9 /* Services */,
			);
			path = Networking;
			sourceTree = "<group>";
		};
		9F76AEB8283AC7A5005E7ED9 /* Model */ = {
			isa = PBXGroup;
			children = (
				9F76AEE4283C258A005E7ED9 /* Recipe */,
			);
			path = Model;
			sourceTree = "<group>";
		};
		9F76AEC8283BA7B3005E7ED9 /* Extensions */ = {
			isa = PBXGroup;
			children = (
				9F392BE9284241FE00F706AF /* UIColor+.swift */,
				9F392BF62842543100F706AF /* UIFont+.swift */,
				9F392BF9284261EE00F706AF /* UIView+.swift */,
				9F58A4352843DB4700A1509B /* UIButton+.swift */,
				9F58A4392844D27900A1509B /* String+.swift */,
				9F58A43D2844E5E500A1509B /* UIViewController+.swift */,
			);
			path = Extensions;
			sourceTree = "<group>";
		};
		9F76AECF283BD296005E7ED9 /* Core */ = {
			isa = PBXGroup;
			children = (
				9F76AEBE283AE670005E7ED9 /* Endpoint.swift */,
				9F76AEC1283AFC5E005E7ED9 /* RequestMethod.swift */,
				9F76AEC3283AFCAD005E7ED9 /* RequestError.swift */,
				9F76AEC6283B98A6005E7ED9 /* NetworkEngine.swift */,
			);
			path = Core;
			sourceTree = "<group>";
		};
		9F76AED0283BD2A9005E7ED9 /* Endpoints */ = {
			isa = PBXGroup;
			children = (
				9F76AED6283C0268005E7ED9 /* RecipesEndpoint.swift */,
			);
			path = Endpoints;
			sourceTree = "<group>";
		};
		9F76AED1283BD2B6005E7ED9 /* Services */ = {
			isa = PBXGroup;
			children = (
				9F76AECC283BD0FC005E7ED9 /* RecipeService.swift */,
			);
			path = Services;
			sourceTree = "<group>";
		};
		9F76AEE4283C258A005E7ED9 /* Recipe */ = {
			isa = PBXGroup;
			children = (
				9F76AED2283BF47D005E7ED9 /* Recipe.swift */,
				9F76AED4283BF778005E7ED9 /* ExtendedIngredient.swift */,
				9F76AED8283C0844005E7ED9 /* AnalyzedInstruction.swift */,
				9F76AEDA283C09EF005E7ED9 /* Step.swift */,
				9F76AEDC283C0AB6005E7ED9 /* Ingredient.swift */,
				9F76AEDE283C0B1D005E7ED9 /* Equipment.swift */,
				9F76AEE0283C0BB1005E7ED9 /* Length.swift */,
				9F76AEE2283C13C6005E7ED9 /* Measure.swift */,
			);
			path = Recipe;
			sourceTree = "<group>";
		};
		A295F4B5C24158726A5254D4 /* Pods */ = {
			isa = PBXGroup;
			children = (
				53FB3C3170E17B4A75923CA1 /* Pods-Food recipe.debug.xcconfig */,
				1AAA916F6457FECC4CED2B09 /* Pods-Food recipe.release.xcconfig */,
			);
			path = Pods;
			sourceTree = "<group>";
		};
/* End PBXGroup section */

/* Begin PBXNativeTarget section */
		9F76AE7B283A5390005E7ED9 /* Food recipe */ = {
			isa = PBXNativeTarget;
			buildConfigurationList = 9F76AE90283A5392005E7ED9 /* Build configuration list for PBXNativeTarget "Food recipe" */;
			buildPhases = (
				4488F6AE40393DA8C4BF92D0 /* [CP] Check Pods Manifest.lock */,
				9F76AE78283A5390005E7ED9 /* Sources */,
				9F76AE79283A5390005E7ED9 /* Frameworks */,
				9F76AE7A283A5390005E7ED9 /* Resources */,
				9F76AEA9283A8984005E7ED9 /* Embed Frameworks */,
				1587E218F98037A3396E3A4F /* [CP] Embed Pods Frameworks */,
			);
			buildRules = (
			);
			dependencies = (
			);
			name = "Food recipe";
			productName = "Food recipe";
			productReference = 9F76AE7C283A5390005E7ED9 /* Food recipe.app */;
			productType = "com.apple.product-type.application";
		};
/* End PBXNativeTarget section */

/* Begin PBXProject section */
		9F76AE74283A5390005E7ED9 /* Project object */ = {
			isa = PBXProject;
			attributes = {
				BuildIndependentTargetsInParallel = 1;
				LastSwiftUpdateCheck = 1330;
				LastUpgradeCheck = 1330;
				TargetAttributes = {
					9F76AE7B283A5390005E7ED9 = {
						CreatedOnToolsVersion = 13.3.1;
					};
				};
			};
			buildConfigurationList = 9F76AE77283A5390005E7ED9 /* Build configuration list for PBXProject "Food recipe" */;
			compatibilityVersion = "Xcode 13.0";
			developmentRegion = en;
			hasScannedForEncodings = 0;
			knownRegions = (
				en,
				Base,
			);
			mainGroup = 9F76AE73283A5390005E7ED9;
			productRefGroup = 9F76AE7D283A5390005E7ED9 /* Products */;
			projectDirPath = "";
			projectRoot = "";
			targets = (
				9F76AE7B283A5390005E7ED9 /* Food recipe */,
			);
		};
/* End PBXProject section */

/* Begin PBXResourcesBuildPhase section */
		9F76AE7A283A5390005E7ED9 /* Resources */ = {
			isa = PBXResourcesBuildPhase;
			buildActionMask = 2147483647;
			files = (
				9F76AE8C283A5392005E7ED9 /* LaunchScreen.storyboard in Resources */,
				9F76AE89283A5392005E7ED9 /* Assets.xcassets in Resources */,
				9F76AEE6283C3B70005E7ED9 /* GoogleService-Info.plist in Resources */,
			);
			runOnlyForDeploymentPostprocessing = 0;
		};
/* End PBXResourcesBuildPhase section */

/* Begin PBXShellScriptBuildPhase section */
		1587E218F98037A3396E3A4F /* [CP] Embed Pods Frameworks */ = {
			isa = PBXShellScriptBuildPhase;
			buildActionMask = 2147483647;
			files = (
			);
			inputFileListPaths = (
				"${PODS_ROOT}/Target Support Files/Pods-Food recipe/Pods-Food recipe-frameworks-${CONFIGURATION}-input-files.xcfilelist",
			);
			name = "[CP] Embed Pods Frameworks";
			outputFileListPaths = (
				"${PODS_ROOT}/Target Support Files/Pods-Food recipe/Pods-Food recipe-frameworks-${CONFIGURATION}-output-files.xcfilelist",
			);
			runOnlyForDeploymentPostprocessing = 0;
			shellPath = /bin/sh;
			shellScript = "\"${PODS_ROOT}/Target Support Files/Pods-Food recipe/Pods-Food recipe-frameworks.sh\"\n";
			showEnvVarsInLog = 0;
		};
		4488F6AE40393DA8C4BF92D0 /* [CP] Check Pods Manifest.lock */ = {
			isa = PBXShellScriptBuildPhase;
			buildActionMask = 2147483647;
			files = (
			);
			inputFileListPaths = (
			);
			inputPaths = (
				"${PODS_PODFILE_DIR_PATH}/Podfile.lock",
				"${PODS_ROOT}/Manifest.lock",
			);
			name = "[CP] Check Pods Manifest.lock";
			outputFileListPaths = (
			);
			outputPaths = (
				"$(DERIVED_FILE_DIR)/Pods-Food recipe-checkManifestLockResult.txt",
			);
			runOnlyForDeploymentPostprocessing = 0;
			shellPath = /bin/sh;
			shellScript = "diff \"${PODS_PODFILE_DIR_PATH}/Podfile.lock\" \"${PODS_ROOT}/Manifest.lock\" > /dev/null\nif [ $? != 0 ] ; then\n    # print error to STDERR\n    echo \"error: The sandbox is not in sync with the Podfile.lock. Run 'pod install' or update your CocoaPods installation.\" >&2\n    exit 1\nfi\n# This output is used by Xcode 'outputs' to avoid re-running this script phase.\necho \"SUCCESS\" > \"${SCRIPT_OUTPUT_FILE_0}\"\n";
			showEnvVarsInLog = 0;
		};
/* End PBXShellScriptBuildPhase section */

/* Begin PBXSourcesBuildPhase section */
		9F76AE78283A5390005E7ED9 /* Sources */ = {
			isa = PBXSourcesBuildPhase;
			buildActionMask = 2147483647;
			files = (
				9F392BEF284249B600F706AF /* AuthVM.swift in Sources */,
				9F76AE94283A617E005E7ED9 /* Coordinator.swift in Sources */,
				9F76AECD283BD0FC005E7ED9 /* RecipeService.swift in Sources */,
				9F58A44B28451FB700A1509B /* DetailsInputModule.swift in Sources */,
				9F76AEDD283C0AB6005E7ED9 /* Ingredient.swift in Sources */,
				9F76AEDB283C09EF005E7ED9 /* Step.swift in Sources */,
				9F76AED5283BF778005E7ED9 /* ExtendedIngredient.swift in Sources */,
				9F76AE84283A5390005E7ED9 /* HomeVC.swift in Sources */,
				9F392BF32842516F00F706AF /* Constants.swift in Sources */,
				9F76AEB6283AC294005E7ED9 /* HomeVM.swift in Sources */,
				9F392BE72842407500F706AF /* AuthVC.swift in Sources */,
				9F58A43A2844D27900A1509B /* String+.swift in Sources */,
				9F76AEBF283AE670005E7ED9 /* Endpoint.swift in Sources */,
				9F76AEC2283AFC5E005E7ED9 /* RequestMethod.swift in Sources */,
				9F58A43E2844E5E500A1509B /* UIViewController+.swift in Sources */,
				9F76AE80283A5390005E7ED9 /* AppDelegate.swift in Sources */,
				9F76AEC7283B98A6005E7ED9 /* NetworkEngine.swift in Sources */,
				9F392BFF284269CD00F706AF /* Checkbox.swift in Sources */,
				9F58A4412844E88400A1509B /* ObservableObject.swift in Sources */,
				9F58A4362843DB4700A1509B /* UIButton+.swift in Sources */,
				9F76AED7283C0268005E7ED9 /* RecipesEndpoint.swift in Sources */,
				9F392BED2842491800F706AF /* Images.swift in Sources */,
				9F76AE97283A7D1E005E7ED9 /* FoodRecipe.xcdatamodeld in Sources */,
				9F76AEDF283C0B1D005E7ED9 /* Equipment.swift in Sources */,
				9F76AEE3283C13C6005E7ED9 /* Measure.swift in Sources */,
				9F76AEC4283AFCAD005E7ED9 /* RequestError.swift in Sources */,
				9F392BEA284241FE00F706AF /* UIColor+.swift in Sources */,
				9F58A44928450EB400A1509B /* SignUpVM.swift in Sources */,
				9F392BF52842535500F706AF /* LoginInputModule.swift in Sources */,
				9F76AED3283BF47D005E7ED9 /* Recipe.swift in Sources */,
				9F76AE82283A5390005E7ED9 /* SceneDelegate.swift in Sources */,
				9F392BFA284261EE00F706AF /* UIView+.swift in Sources */,
				9F392BF72842543100F706AF /* UIFont+.swift in Sources */,
				9F58A44428450E1900A1509B /* SignUpVC.swift in Sources */,
				9F76AEE1283C0BB1005E7ED9 /* Length.swift in Sources */,
				9F58A4342843CE2800A1509B /* SignInModule.swift in Sources */,
				9F76AED9283C0844005E7ED9 /* AnalyzedInstruction.swift in Sources */,
				9F76AEB4283A8F4D005E7ED9 /* FoodCollectionCell.swift in Sources */,
				9F58A4382843ED7700A1509B /* SignUpModule.swift in Sources */,
			);
			runOnlyForDeploymentPostprocessing = 0;
		};
/* End PBXSourcesBuildPhase section */

/* Begin PBXVariantGroup section */
		9F76AE8A283A5392005E7ED9 /* LaunchScreen.storyboard */ = {
			isa = PBXVariantGroup;
			children = (
				9F76AE8B283A5392005E7ED9 /* Base */,
			);
			name = LaunchScreen.storyboard;
			sourceTree = "<group>";
		};
/* End PBXVariantGroup section */

/* Begin XCBuildConfiguration section */
		9F76AE8E283A5392005E7ED9 /* Debug */ = {
			isa = XCBuildConfiguration;
			buildSettings = {
				ALWAYS_SEARCH_USER_PATHS = NO;
				CLANG_ANALYZER_NONNULL = YES;
				CLANG_ANALYZER_NUMBER_OBJECT_CONVERSION = YES_AGGRESSIVE;
				CLANG_CXX_LANGUAGE_STANDARD = "gnu++17";
				CLANG_ENABLE_MODULES = YES;
				CLANG_ENABLE_OBJC_ARC = YES;
				CLANG_ENABLE_OBJC_WEAK = YES;
				CLANG_WARN_BLOCK_CAPTURE_AUTORELEASING = YES;
				CLANG_WARN_BOOL_CONVERSION = YES;
				CLANG_WARN_COMMA = YES;
				CLANG_WARN_CONSTANT_CONVERSION = YES;
				CLANG_WARN_DEPRECATED_OBJC_IMPLEMENTATIONS = YES;
				CLANG_WARN_DIRECT_OBJC_ISA_USAGE = YES_ERROR;
				CLANG_WARN_DOCUMENTATION_COMMENTS = YES;
				CLANG_WARN_EMPTY_BODY = YES;
				CLANG_WARN_ENUM_CONVERSION = YES;
				CLANG_WARN_INFINITE_RECURSION = YES;
				CLANG_WARN_INT_CONVERSION = YES;
				CLANG_WARN_NON_LITERAL_NULL_CONVERSION = YES;
				CLANG_WARN_OBJC_IMPLICIT_RETAIN_SELF = YES;
				CLANG_WARN_OBJC_LITERAL_CONVERSION = YES;
				CLANG_WARN_OBJC_ROOT_CLASS = YES_ERROR;
				CLANG_WARN_QUOTED_INCLUDE_IN_FRAMEWORK_HEADER = YES;
				CLANG_WARN_RANGE_LOOP_ANALYSIS = YES;
				CLANG_WARN_STRICT_PROTOTYPES = YES;
				CLANG_WARN_SUSPICIOUS_MOVE = YES;
				CLANG_WARN_UNGUARDED_AVAILABILITY = YES_AGGRESSIVE;
				CLANG_WARN_UNREACHABLE_CODE = YES;
				CLANG_WARN__DUPLICATE_METHOD_MATCH = YES;
				COPY_PHASE_STRIP = NO;
				DEBUG_INFORMATION_FORMAT = dwarf;
				ENABLE_STRICT_OBJC_MSGSEND = YES;
				ENABLE_TESTABILITY = YES;
				GCC_C_LANGUAGE_STANDARD = gnu11;
				GCC_DYNAMIC_NO_PIC = NO;
				GCC_NO_COMMON_BLOCKS = YES;
				GCC_OPTIMIZATION_LEVEL = 0;
				GCC_PREPROCESSOR_DEFINITIONS = (
					"DEBUG=1",
					"$(inherited)",
				);
				GCC_WARN_64_TO_32_BIT_CONVERSION = YES;
				GCC_WARN_ABOUT_RETURN_TYPE = YES_ERROR;
				GCC_WARN_UNDECLARED_SELECTOR = YES;
				GCC_WARN_UNINITIALIZED_AUTOS = YES_AGGRESSIVE;
				GCC_WARN_UNUSED_FUNCTION = YES;
				GCC_WARN_UNUSED_VARIABLE = YES;
				IPHONEOS_DEPLOYMENT_TARGET = 15.4;
				MTL_ENABLE_DEBUG_INFO = INCLUDE_SOURCE;
				MTL_FAST_MATH = YES;
				ONLY_ACTIVE_ARCH = YES;
				SDKROOT = iphoneos;
				SWIFT_ACTIVE_COMPILATION_CONDITIONS = DEBUG;
				SWIFT_OPTIMIZATION_LEVEL = "-Onone";
			};
			name = Debug;
		};
		9F76AE8F283A5392005E7ED9 /* Release */ = {
			isa = XCBuildConfiguration;
			buildSettings = {
				ALWAYS_SEARCH_USER_PATHS = NO;
				CLANG_ANALYZER_NONNULL = YES;
				CLANG_ANALYZER_NUMBER_OBJECT_CONVERSION = YES_AGGRESSIVE;
				CLANG_CXX_LANGUAGE_STANDARD = "gnu++17";
				CLANG_ENABLE_MODULES = YES;
				CLANG_ENABLE_OBJC_ARC = YES;
				CLANG_ENABLE_OBJC_WEAK = YES;
				CLANG_WARN_BLOCK_CAPTURE_AUTORELEASING = YES;
				CLANG_WARN_BOOL_CONVERSION = YES;
				CLANG_WARN_COMMA = YES;
				CLANG_WARN_CONSTANT_CONVERSION = YES;
				CLANG_WARN_DEPRECATED_OBJC_IMPLEMENTATIONS = YES;
				CLANG_WARN_DIRECT_OBJC_ISA_USAGE = YES_ERROR;
				CLANG_WARN_DOCUMENTATION_COMMENTS = YES;
				CLANG_WARN_EMPTY_BODY = YES;
				CLANG_WARN_ENUM_CONVERSION = YES;
				CLANG_WARN_INFINITE_RECURSION = YES;
				CLANG_WARN_INT_CONVERSION = YES;
				CLANG_WARN_NON_LITERAL_NULL_CONVERSION = YES;
				CLANG_WARN_OBJC_IMPLICIT_RETAIN_SELF = YES;
				CLANG_WARN_OBJC_LITERAL_CONVERSION = YES;
				CLANG_WARN_OBJC_ROOT_CLASS = YES_ERROR;
				CLANG_WARN_QUOTED_INCLUDE_IN_FRAMEWORK_HEADER = YES;
				CLANG_WARN_RANGE_LOOP_ANALYSIS = YES;
				CLANG_WARN_STRICT_PROTOTYPES = YES;
				CLANG_WARN_SUSPICIOUS_MOVE = YES;
				CLANG_WARN_UNGUARDED_AVAILABILITY = YES_AGGRESSIVE;
				CLANG_WARN_UNREACHABLE_CODE = YES;
				CLANG_WARN__DUPLICATE_METHOD_MATCH = YES;
				COPY_PHASE_STRIP = NO;
				DEBUG_INFORMATION_FORMAT = "dwarf-with-dsym";
				ENABLE_NS_ASSERTIONS = NO;
				ENABLE_STRICT_OBJC_MSGSEND = YES;
				GCC_C_LANGUAGE_STANDARD = gnu11;
				GCC_NO_COMMON_BLOCKS = YES;
				GCC_WARN_64_TO_32_BIT_CONVERSION = YES;
				GCC_WARN_ABOUT_RETURN_TYPE = YES_ERROR;
				GCC_WARN_UNDECLARED_SELECTOR = YES;
				GCC_WARN_UNINITIALIZED_AUTOS = YES_AGGRESSIVE;
				GCC_WARN_UNUSED_FUNCTION = YES;
				GCC_WARN_UNUSED_VARIABLE = YES;
				IPHONEOS_DEPLOYMENT_TARGET = 15.4;
				MTL_ENABLE_DEBUG_INFO = NO;
				MTL_FAST_MATH = YES;
				SDKROOT = iphoneos;
				SWIFT_COMPILATION_MODE = wholemodule;
				SWIFT_OPTIMIZATION_LEVEL = "-O";
				VALIDATE_PRODUCT = YES;
			};
			name = Release;
		};
		9F76AE91283A5392005E7ED9 /* Debug */ = {
			isa = XCBuildConfiguration;
			baseConfigurationReference = 53FB3C3170E17B4A75923CA1 /* Pods-Food recipe.debug.xcconfig */;
			buildSettings = {
				ASSETCATALOG_COMPILER_APPICON_NAME = AppIcon;
				ASSETCATALOG_COMPILER_GLOBAL_ACCENT_COLOR_NAME = AccentColor;
				CODE_SIGN_STYLE = Automatic;
				CURRENT_PROJECT_VERSION = 1;
				GENERATE_INFOPLIST_FILE = YES;
				INFOPLIST_FILE = "Food recipe/Info.plist";
				INFOPLIST_KEY_UIApplicationSupportsIndirectInputEvents = YES;
				INFOPLIST_KEY_UILaunchStoryboardName = LaunchScreen;
				INFOPLIST_KEY_UISupportedInterfaceOrientations = UIInterfaceOrientationPortrait;
				INFOPLIST_KEY_UISupportedInterfaceOrientations_iPad = "UIInterfaceOrientationPortrait UIInterfaceOrientationPortraitUpsideDown UIInterfaceOrientationLandscapeLeft UIInterfaceOrientationLandscapeRight";
				INFOPLIST_KEY_UISupportedInterfaceOrientations_iPhone = "UIInterfaceOrientationPortrait UIInterfaceOrientationLandscapeLeft UIInterfaceOrientationLandscapeRight";
				LD_RUNPATH_SEARCH_PATHS = (
					"$(inherited)",
					"@executable_path/Frameworks",
				);
				MARKETING_VERSION = 1.0;
				PRODUCT_BUNDLE_IDENTIFIER = "aleksandre.Food-recipe";
				PRODUCT_NAME = "$(TARGET_NAME)";
				SWIFT_EMIT_LOC_STRINGS = YES;
				SWIFT_VERSION = 5.0;
				TARGETED_DEVICE_FAMILY = "1,2";
			};
			name = Debug;
		};
		9F76AE92283A5392005E7ED9 /* Release */ = {
			isa = XCBuildConfiguration;
			baseConfigurationReference = 1AAA916F6457FECC4CED2B09 /* Pods-Food recipe.release.xcconfig */;
			buildSettings = {
				ASSETCATALOG_COMPILER_APPICON_NAME = AppIcon;
				ASSETCATALOG_COMPILER_GLOBAL_ACCENT_COLOR_NAME = AccentColor;
				CODE_SIGN_STYLE = Automatic;
				CURRENT_PROJECT_VERSION = 1;
				GENERATE_INFOPLIST_FILE = YES;
				INFOPLIST_FILE = "Food recipe/Info.plist";
				INFOPLIST_KEY_UIApplicationSupportsIndirectInputEvents = YES;
				INFOPLIST_KEY_UILaunchStoryboardName = LaunchScreen;
				INFOPLIST_KEY_UISupportedInterfaceOrientations = UIInterfaceOrientationPortrait;
				INFOPLIST_KEY_UISupportedInterfaceOrientations_iPad = "UIInterfaceOrientationPortrait UIInterfaceOrientationPortraitUpsideDown UIInterfaceOrientationLandscapeLeft UIInterfaceOrientationLandscapeRight";
				INFOPLIST_KEY_UISupportedInterfaceOrientations_iPhone = "UIInterfaceOrientationPortrait UIInterfaceOrientationLandscapeLeft UIInterfaceOrientationLandscapeRight";
				LD_RUNPATH_SEARCH_PATHS = (
					"$(inherited)",
					"@executable_path/Frameworks",
				);
				MARKETING_VERSION = 1.0;
				PRODUCT_BUNDLE_IDENTIFIER = "aleksandre.Food-recipe";
				PRODUCT_NAME = "$(TARGET_NAME)";
				SWIFT_EMIT_LOC_STRINGS = YES;
				SWIFT_VERSION = 5.0;
				TARGETED_DEVICE_FAMILY = "1,2";
			};
			name = Release;
		};
/* End XCBuildConfiguration section */

/* Begin XCConfigurationList section */
		9F76AE77283A5390005E7ED9 /* Build configuration list for PBXProject "Food recipe" */ = {
			isa = XCConfigurationList;
			buildConfigurations = (
				9F76AE8E283A5392005E7ED9 /* Debug */,
				9F76AE8F283A5392005E7ED9 /* Release */,
			);
			defaultConfigurationIsVisible = 0;
			defaultConfigurationName = Release;
		};
		9F76AE90283A5392005E7ED9 /* Build configuration list for PBXNativeTarget "Food recipe" */ = {
			isa = XCConfigurationList;
			buildConfigurations = (
				9F76AE91283A5392005E7ED9 /* Debug */,
				9F76AE92283A5392005E7ED9 /* Release */,
			);
			defaultConfigurationIsVisible = 0;
			defaultConfigurationName = Release;
		};
/* End XCConfigurationList section */

/* Begin XCVersionGroup section */
		9F76AE95283A7D1E005E7ED9 /* FoodRecipe.xcdatamodeld */ = {
			isa = XCVersionGroup;
			children = (
				9F76AE96283A7D1E005E7ED9 /* FoodRecipe.xcdatamodel */,
			);
			currentVersion = 9F76AE96283A7D1E005E7ED9 /* FoodRecipe.xcdatamodel */;
			path = FoodRecipe.xcdatamodeld;
			sourceTree = "<group>";
			versionGroupType = wrapper.xcdatamodel;
		};
/* End XCVersionGroup section */
	};
	rootObject = 9F76AE74283A5390005E7ED9 /* Project object */;
}
